PODS:
  - ActionSheetPicker-3.0 (2.0.5)
  - Alamofire (3.5.1)
  - CCBottomRefreshControl (0.5.1):
    - Masonry (~> 0.6.2)
  - Crashlytics (3.8.3):
    - Fabric (~> 1.6.3)
  - Fabric (1.6.11)
  - Firebase/AdMob (3.9.0):
    - Firebase/Core
    - Google-Mobile-Ads-SDK (= 7.14.0)
  - Firebase/Core (3.9.0):
    - FirebaseAnalytics (= 3.5.1)
    - FirebaseCore (= 3.4.4)
  - FirebaseAnalytics (3.5.1):
    - FirebaseCore (~> 3.4)
    - FirebaseInstanceID (~> 1.0)
    - GoogleInterchangeUtilities (~> 1.2)
    - GoogleSymbolUtilities (~> 1.1)
    - GoogleToolboxForMac/NSData+zlib (~> 2.1)
  - FirebaseCore (3.4.4):
    - GoogleInterchangeUtilities (~> 1.2)
    - GoogleToolboxForMac/NSData+zlib (~> 2.1)
  - FirebaseInstanceID (1.0.8)
  - Google-Mobile-Ads-SDK (7.14.0)
  - GoogleAPIClient/Core (1.0.5):
    - GTMSessionFetcher (~> 1.1)
  - GoogleAPIClient/Drive (1.0.5):
    - GoogleAPIClient/Core
    - GTMSessionFetcher (~> 1.1)
  - GoogleInterchangeUtilities (1.2.2):
    - GoogleSymbolUtilities (~> 1.1)
  - GoogleSymbolUtilities (1.1.2)
  - GoogleToolboxForMac/Defines (2.1.0)
  - GoogleToolboxForMac/NSData+zlib (2.1.0):
    - GoogleToolboxForMac/Defines (= 2.1.0)
  - GTMOAuth2 (1.1.4):
    - GTMSessionFetcher (~> 1.1)
  - GTMSessionFetcher (1.1.7):
    - GTMSessionFetcher/Full (= 1.1.7)
  - GTMSessionFetcher/Core (1.1.7)
  - GTMSessionFetcher/Full (1.1.7):
    - GTMSessionFetcher/Core (= 1.1.7)
  - Kingfisher (2.6.1)
  - Masonry (0.6.4)
  - Mixpanel (3.0.6):
    - Mixpanel/Mixpanel (= 3.0.6)
  - Mixpanel/Mixpanel (3.0.6)
  - MMDrawerController (0.5.7):
    - MMDrawerController/Core (= 0.5.7)
    - MMDrawerController/MMDrawerBarButtonItem (= 0.5.7)
    - MMDrawerController/MMDrawerVisualStates (= 0.5.7)
    - MMDrawerController/Subclass (= 0.5.7)
  - MMDrawerController/Core (0.5.7)
  - MMDrawerController/MMDrawerBarButtonItem (0.5.7):
    - MMDrawerController/Core
  - MMDrawerController/MMDrawerVisualStates (0.5.7):
    - MMDrawerController/Core
  - MMDrawerController/Subclass (0.5.7):
    - MMDrawerController/Core
  - QBImagePickerController (3.4.0)
  - Reachability (3.2)
  - SDWebImage (3.8.2):
    - SDWebImage/Core (= 3.8.2)
  - SDWebImage/Core (3.8.2)
  - SnapKit (0.22.0)
  - SSZipArchive (1.6.2)
  - TTTAttributedLabel (2.0.0)
  - UIView+TKGeometry (0.2)
  - XCGLogger (3.6.0)

DEPENDENCIES:
  - ActionSheetPicker-3.0 (~> 2.0.5)
  - Alamofire (~> 3.4)
  - CCBottomRefreshControl
  - Crashlytics
  - Firebase/AdMob
  - Firebase/Core
  - GoogleAPIClient/Drive (~> 1.0.2)
  - GTMOAuth2 (~> 1.1.0)
  - Kingfisher (~> 2.4)
  - Mixpanel
  - MMDrawerController (~> 0.5.7)
  - QBImagePickerController
  - Reachability (~> 3.2)
  - SDWebImage (~> 3.7)
  - SnapKit (~> 0.21)
  - SSZipArchive
  - TTTAttributedLabel
  - UIView+TKGeometry
  - XCGLogger (~> 3.3)

SPEC CHECKSUMS:
  ActionSheetPicker-3.0: 8312778b6815578e6a86d630fbcf31dc94c534e7
  Alamofire: 0dfba1184a543e2aa160f4e39cac4e8aba48d223
  CCBottomRefreshControl: 57a596348855260f627ffc2b311328ed15b94877
  Crashlytics: 2b6dbe138a42395577cfa73dfa1aa7248cadf39e
  Fabric: 5911403591946b8228ab1c51d98f1d7137e863c6
  Firebase: ff77ffb77b317c3720fef57a60e9335cebf962e6
  FirebaseAnalytics: 6e58fc9b397664369ac7617fb0ba93fab6ba7b5b
  FirebaseCore: d0ed25f27b6f9158eccc439f1be6f92e81207e28
  FirebaseInstanceID: ba1e640935235e5fac39dfa816fe7660e72e1a8a
  Google-Mobile-Ads-SDK: dbb0211c52ca02f72331b831ce4ccd218cf08748
  GoogleAPIClient: 4a6b0b807de8b1115a2835180b25dd93dc60f1ea
  GoogleInterchangeUtilities: d5bc4d88d5b661ab72f9d70c58d02ca8c27ad1f7
  GoogleSymbolUtilities: 631ee17048aa5e9ab133470d768ea997a5ef9b96
  GoogleToolboxForMac: 2b2596cbb7186865e98cadf2b1e262d851c2b168
  GTMOAuth2: 7fc9c10f5c745f4d9850419ea88889fe3baa6b7d
  GTMSessionFetcher: a1f8ed39e4fe21c68957daed472c7afbcdf29166
  Kingfisher: 7e5515bf6c4f2acad91f6400955d2257549cab7b
  Masonry: 281802d04d787ea2973179ee8bcb50500579ede2
  Mixpanel: c462992e6fe84d74a8d0408c0b25852ddd067e4b
  MMDrawerController: 7a4cf8e25596bf2434e03ce50d22a8608ddee6a1
  QBImagePickerController: d54cf93db6decf26baf6ed3472f336ef35cae022
  Reachability: 33e18b67625424e47b6cde6d202dce689ad7af96
  SDWebImage: 098e97e6176540799c27e804c96653ee0833d13c
  SnapKit: 0dd2fd157330f1ea11fd84da13e6be8a7a22bae0
  SSZipArchive: 428eb1ac8d37dd133404d30f422b23958c1f9acc
  TTTAttributedLabel: 8cffe8e127e4e82ff3af1e5386d4cd0ad000b656
  UIView+TKGeometry: bef0d7727753910d66d6fa51a3128ae6908047ef
  XCGLogger: 53a3efe22e228e8b25ed8184bc074c2b06d48490

PODFILE CHECKSUM: 050b2fadc23c39ded4d02e21d2583c37a3ecc4c0

COCOAPODS: 1.1.1
