PODS:
  - ActionSheetPicker-3.0 (2.0.5)
  - Alamofire (3.4.1)
  - CCBottomRefreshControl (0.5.1):
    - Masonry (~> 0.6.2)
  - Crashlytics (3.7.2):
    - Fabric (~> 1.6.3)
  - Fabric (1.6.7)
  - FileBrowser (0.1.4)
  - GoogleAPIClient/Core (1.0.4):
    - GTMSessionFetcher (~> 1.1)
  - GoogleAPIClient/Drive (1.0.4):
    - GoogleAPIClient/Core
    - GTMSessionFetcher (~> 1.1)
  - GTMOAuth2 (1.1.1):
    - GTMSessionFetcher (~> 1.1)
  - GTMSessionFetcher (1.1.4):
    - GTMSessionFetcher/Full (= 1.1.4)
  - GTMSessionFetcher/Core (1.1.4)
  - GTMSessionFetcher/Full (1.1.4):
    - GTMSessionFetcher/Core (= 1.1.4)
  - Kingfisher (2.4.2)
  - Masonry (0.6.4)
  - Mixpanel (3.0.0):
    - Mixpanel/Mixpanel (= 3.0.0)
  - Mixpanel/Mixpanel (3.0.0)
  - MMDrawerController (0.5.7):
    - MMDrawerController/Core (= 0.5.7)
    - MMDrawerController/MMDrawerBarButtonItem (= 0.5.7)
    - MMDrawerController/MMDrawerVisualStates (= 0.5.7)
    - MMDrawerController/Subclass (= 0.5.7)
  - MMDrawerController/Core (0.5.7)
  - MMDrawerController/MMDrawerBarButtonItem (0.5.7):
    - MMDrawerController/Core
  - MMDrawerController/MMDrawerVisualStates (0.5.7):
    - MMDrawerController/Core
  - MMDrawerController/Subclass (0.5.7):
    - MMDrawerController/Core
  - QBImagePickerController (3.4.0)
  - Reachability (3.2)
  - SDWebImage (3.8.1):
    - SDWebImage/Core (= 3.8.1)
  - SDWebImage/Core (3.8.1)
  - SnapKit (0.21.1)
  - SSZipArchive (1.4)
  - SwiftSpinner (0.9.5)
  - TTTAttributedLabel (2.0.0)
  - UIView+TKGeometry (0.2)
  - XCGLogger (3.3)

DEPENDENCIES:
  - ActionSheetPicker-3.0 (~> 2.0.5)
  - Alamofire (~> 3.4)
  - CCBottomRefreshControl
  - Crashlytics
  - FileBrowser (~> 0.1)
  - GoogleAPIClient/Drive (~> 1.0.2)
  - GTMOAuth2 (~> 1.1.0)
  - Kingfisher (~> 2.4)
  - Mixpanel
  - MMDrawerController (~> 0.5.7)
  - QBImagePickerController
  - Reachability (~> 3.2)
  - SDWebImage (~> 3.7)
  - SnapKit (~> 0.21)
  - SSZipArchive
  - SwiftSpinner
  - TTTAttributedLabel
  - UIView+TKGeometry
  - XCGLogger (~> 3.3)

SPEC CHECKSUMS:
  ActionSheetPicker-3.0: 8312778b6815578e6a86d630fbcf31dc94c534e7
  Alamofire: 01a82e2f6c0f860ade35534c8dd88be61bdef40c
  CCBottomRefreshControl: 57a596348855260f627ffc2b311328ed15b94877
  Crashlytics: 130ab943f8c78cda7a814b434f270b2e2c8a3cba
  Fabric: caf7580c725e64db144f610ac65cd60956911dc7
  FileBrowser: 4e48c118606571cf59fd1d20930ac41887c026d0
  GoogleAPIClient: 4dedb6af613eb7d171814c343f8a82ee5411e13b
  GTMOAuth2: bdb12f3e0d2110bfe585f6151230b883beb4d042
  GTMSessionFetcher: 174bc61d5238f81f9ddb807b0b0170420f67de85
  Kingfisher: 05bf8d04408aaa70fcd2c8c81b9f1d0f1ad313dd
  Masonry: 281802d04d787ea2973179ee8bcb50500579ede2
  Mixpanel: ac92056ee35a961362513ba11049e67cffcaa1f1
  MMDrawerController: 7a4cf8e25596bf2434e03ce50d22a8608ddee6a1
  QBImagePickerController: d54cf93db6decf26baf6ed3472f336ef35cae022
  Reachability: 33e18b67625424e47b6cde6d202dce689ad7af96
  SDWebImage: 35f9627a3e44b4f292a8a8ce6a531fa488239b91
  SnapKit: bbad04cb016c7cead63965f16b00c09318d271ee
  SSZipArchive: bab21000ee11b7ba68d5880bcd87d80e4eb93e65
  SwiftSpinner: c6585a0ae5c67eb33e737695cce88f0262008cce
  TTTAttributedLabel: 8cffe8e127e4e82ff3af1e5386d4cd0ad000b656
  UIView+TKGeometry: bef0d7727753910d66d6fa51a3128ae6908047ef
  XCGLogger: d6e196e78940ff6daab17d6917107876f973fa31

COCOAPODS: 0.39.0
