PODS:
  - ActionSheetPicker-3.0 (2.0.5)
  - Alamofire (3.4.1)
  - CCBottomRefreshControl (0.5.1):
    - Masonry (~> 0.6.2)
  - Crashlytics (3.7.3):
    - Fabric (~> 1.6.3)
  - Fabric (1.6.8)
  - Firebase/AdMob (3.5.1):
    - Firebase/Analytics
    - Google-Mobile-Ads-SDK (= 7.10.0)
  - Firebase/Analytics (3.5.1):
    - FirebaseAnalytics (~> 3.3.1)
  - Firebase/Core (3.5.1):
    - Firebase/Analytics
  - FirebaseAnalytics (3.3.1):
    - FirebaseInstanceID (~> 1.0)
    - GoogleInterchangeUtilities (~> 1.2)
    - GoogleSymbolUtilities (~> 1.1)
    - GoogleUtilities (~> 1.2)
  - FirebaseInstanceID (1.0.8)
  - Google-Mobile-Ads-SDK (7.10.0)
  - GoogleAPIClient/Core (1.0.5):
    - GTMSessionFetcher (~> 1.1)
  - GoogleAPIClient/Drive (1.0.5):
    - GoogleAPIClient/Core
    - GTMSessionFetcher (~> 1.1)
  - GoogleInterchangeUtilities (1.2.1):
    - GoogleSymbolUtilities (~> 1.0)
  - GoogleSymbolUtilities (1.1.1)
  - GoogleUtilities (1.3.1):
    - GoogleSymbolUtilities (~> 1.0)
  - GTMOAuth2 (1.1.2):
    - GTMSessionFetcher (~> 1.1)
  - GTMSessionFetcher (1.1.6):
    - GTMSessionFetcher/Full (= 1.1.6)
  - GTMSessionFetcher/Core (1.1.6)
  - GTMSessionFetcher/Full (1.1.6):
    - GTMSessionFetcher/Core (= 1.1.6)
  - IQKeyboardManagerSwift (4.0.5)
  - Kingfisher (2.4.3)
  - Masonry (0.6.4)
  - Mixpanel (3.0.2):
    - Mixpanel/Mixpanel (= 3.0.2)
  - Mixpanel/Mixpanel (3.0.2)
  - MMDrawerController (0.5.7):
    - MMDrawerController/Core (= 0.5.7)
    - MMDrawerController/MMDrawerBarButtonItem (= 0.5.7)
    - MMDrawerController/MMDrawerVisualStates (= 0.5.7)
    - MMDrawerController/Subclass (= 0.5.7)
  - MMDrawerController/Core (0.5.7)
  - MMDrawerController/MMDrawerBarButtonItem (0.5.7):
    - MMDrawerController/Core
  - MMDrawerController/MMDrawerVisualStates (0.5.7):
    - MMDrawerController/Core
  - MMDrawerController/Subclass (0.5.7):
    - MMDrawerController/Core
  - QBImagePickerController (3.4.0)
  - Reachability (3.2)
  - SDWebImage (3.8.1):
    - SDWebImage/Core (= 3.8.1)
  - SDWebImage/Core (3.8.1)
  - SnapKit (0.22.0)
  - SSZipArchive (1.5)
  - SwiftSpinner (0.9.5)
  - TTTAttributedLabel (2.0.0)
  - UIView+TKGeometry (0.2)
  - XCGLogger (3.5)

DEPENDENCIES:
  - ActionSheetPicker-3.0 (~> 2.0.5)
  - Alamofire (~> 3.4)
  - CCBottomRefreshControl
  - Crashlytics
  - Firebase/AdMob
  - Firebase/Core
  - GoogleAPIClient/Drive (~> 1.0.2)
  - GTMOAuth2 (~> 1.1.0)
  - IQKeyboardManagerSwift
  - Kingfisher (~> 2.4)
  - Mixpanel
  - MMDrawerController (~> 0.5.7)
  - QBImagePickerController
  - Reachability (~> 3.2)
  - SDWebImage (~> 3.7)
  - SnapKit (~> 0.21)
  - SSZipArchive
  - SwiftSpinner
  - TTTAttributedLabel
  - UIView+TKGeometry
  - XCGLogger (~> 3.3)

SPEC CHECKSUMS:
  ActionSheetPicker-3.0: 8312778b6815578e6a86d630fbcf31dc94c534e7
  Alamofire: 01a82e2f6c0f860ade35534c8dd88be61bdef40c
  CCBottomRefreshControl: 57a596348855260f627ffc2b311328ed15b94877
  Crashlytics: 76f6beaff70acf226139582c09c78461597c2b98
  Fabric: 5755268d0171435ab167e3d0878a28a777deaf10
  Firebase: 9b3edeffaf60d56e377dc5281e91c4ba935a5ad9
  FirebaseAnalytics: d968d4d5f6aeb795cd64144337bcd233e530efc6
  FirebaseInstanceID: ba1e640935235e5fac39dfa816fe7660e72e1a8a
  Google-Mobile-Ads-SDK: a833c38292ffaca727036ece7c691ba0a4a57d39
  GoogleAPIClient: 4a6b0b807de8b1115a2835180b25dd93dc60f1ea
  GoogleInterchangeUtilities: def8415a862effc67d549d5b5b0b9c7a2f97d4de
  GoogleSymbolUtilities: 33117db1b5f290c6fbf259585e4885b4c84b98d7
  GoogleUtilities: 56c5ac05b7aa5dc417a1bb85221a9516e04d7032
  GTMOAuth2: 1707e2f7fe3a6d7240223c23c473ba5a2d104474
  GTMSessionFetcher: 6aacd0ab48ddf0c3633ab2642d792abfcad1b08a
  IQKeyboardManagerSwift: 41fd3a45a2cdb2a0e031af697708a95b865068a1
  Kingfisher: 322a9c1c5b03212c1e741d6bece72d387b01a77a
  Masonry: 281802d04d787ea2973179ee8bcb50500579ede2
  Mixpanel: 0e4f1f9a2ac612b589b2894830038418c2587428
  MMDrawerController: 7a4cf8e25596bf2434e03ce50d22a8608ddee6a1
  QBImagePickerController: d54cf93db6decf26baf6ed3472f336ef35cae022
  Reachability: 33e18b67625424e47b6cde6d202dce689ad7af96
  SDWebImage: 35f9627a3e44b4f292a8a8ce6a531fa488239b91
  SnapKit: 0dd2fd157330f1ea11fd84da13e6be8a7a22bae0
  SSZipArchive: 29daace2bccb90a47de2837744da397728ff9207
  SwiftSpinner: c6585a0ae5c67eb33e737695cce88f0262008cce
  TTTAttributedLabel: 8cffe8e127e4e82ff3af1e5386d4cd0ad000b656
  UIView+TKGeometry: bef0d7727753910d66d6fa51a3128ae6908047ef
  XCGLogger: 3a510f8235655d016ca24c52629e1a276fb8103a

PODFILE CHECKSUM: 3b74358f65b073ebbfcf73bd0e2f335757e07e2f

COCOAPODS: 1.0.1
