// !$*UTF8*$!
{
	archiveVersion = 1;
	classes = {
	};
	objectVersion = 46;
	objects = {

/* Begin PBXBuildFile section */
		D4284CA81D1E4B9800E1BCA9 /* AppDelegate.swift in Sources */ = {isa = PBXBuildFile; fileRef = D4284CA71D1E4B9800E1BCA9 /* AppDelegate.swift */; };
		D4284CAA1D1E4B9800E1BCA9 /* ViewController.swift in Sources */ = {isa = PBXBuildFile; fileRef = D4284CA91D1E4B9800E1BCA9 /* ViewController.swift */; };
		D4284CAD1D1E4B9800E1BCA9 /* Main.storyboard in Resources */ = {isa = PBXBuildFile; fileRef = D4284CAB1D1E4B9800E1BCA9 /* Main.storyboard */; };
		D4284CAF1D1E4B9800E1BCA9 /* Assets.xcassets in Resources */ = {isa = PBXBuildFile; fileRef = D4284CAE1D1E4B9800E1BCA9 /* Assets.xcassets */; };
		D4284CB21D1E4B9800E1BCA9 /* LaunchScreen.storyboard in Resources */ = {isa = PBXBuildFile; fileRef = D4284CB01D1E4B9800E1BCA9 /* LaunchScreen.storyboard */; };
		D4284CBD1D1E4B9800E1BCA9 /* SmartZipTests.swift in Sources */ = {isa = PBXBuildFile; fileRef = D4284CBC1D1E4B9800E1BCA9 /* SmartZipTests.swift */; };
		D4284CC81D1E4B9800E1BCA9 /* SmartZipUITests.swift in Sources */ = {isa = PBXBuildFile; fileRef = D4284CC71D1E4B9800E1BCA9 /* SmartZipUITests.swift */; };
/* End PBXBuildFile section */

/* Begin PBXContainerItemProxy section */
		D4284CB91D1E4B9800E1BCA9 /* PBXContainerItemProxy */ = {
			isa = PBXContainerItemProxy;
			containerPortal = D4284C9C1D1E4B9800E1BCA9 /* Project object */;
			proxyType = 1;
			remoteGlobalIDString = D4284CA31D1E4B9800E1BCA9;
			remoteInfo = SmartZip;
		};
		D4284CC41D1E4B9800E1BCA9 /* PBXContainerItemProxy */ = {
			isa = PBXContainerItemProxy;
			containerPortal = D4284C9C1D1E4B9800E1BCA9 /* Project object */;
			proxyType = 1;
			remoteGlobalIDString = D4284CA31D1E4B9800E1BCA9;
			remoteInfo = SmartZip;
		};
/* End PBXContainerItemProxy section */

/* Begin PBXFileReference section */
		D4284CA41D1E4B9800E1BCA9 /* SmartZip.app */ = {isa = PBXFileReference; explicitFileType = wrapper.application; includeInIndex = 0; path = SmartZip.app; sourceTree = BUILT_PRODUCTS_DIR; };
		D4284CA71D1E4B9800E1BCA9 /* AppDelegate.swift */ = {isa = PBXFileReference; lastKnownFileType = sourcecode.swift; path = AppDelegate.swift; sourceTree = "<group>"; };
		D4284CA91D1E4B9800E1BCA9 /* ViewController.swift */ = {isa = PBXFileReference; lastKnownFileType = sourcecode.swift; path = ViewController.swift; sourceTree = "<group>"; };
		D4284CAC1D1E4B9800E1BCA9 /* Base */ = {isa = PBXFileReference; lastKnownFileType = file.storyboard; name = Base; path = Base.lproj/Main.storyboard; sourceTree = "<group>"; };
		D4284CAE1D1E4B9800E1BCA9 /* Assets.xcassets */ = {isa = PBXFileReference; lastKnownFileType = folder.assetcatalog; path = Assets.xcassets; sourceTree = "<group>"; };
		D4284CB11D1E4B9800E1BCA9 /* Base */ = {isa = PBXFileReference; lastKnownFileType = file.storyboard; name = Base; path = Base.lproj/LaunchScreen.storyboard; sourceTree = "<group>"; };
		D4284CB31D1E4B9800E1BCA9 /* Info.plist */ = {isa = PBXFileReference; lastKnownFileType = text.plist.xml; path = Info.plist; sourceTree = "<group>"; };
		D4284CB81D1E4B9800E1BCA9 /* SmartZipTests.xctest */ = {isa = PBXFileReference; explicitFileType = wrapper.cfbundle; includeInIndex = 0; path = SmartZipTests.xctest; sourceTree = BUILT_PRODUCTS_DIR; };
		D4284CBC1D1E4B9800E1BCA9 /* SmartZipTests.swift */ = {isa = PBXFileReference; lastKnownFileType = sourcecode.swift; path = SmartZipTests.swift; sourceTree = "<group>"; };
		D4284CBE1D1E4B9800E1BCA9 /* Info.plist */ = {isa = PBXFileReference; lastKnownFileType = text.plist.xml; path = Info.plist; sourceTree = "<group>"; };
		D4284CC31D1E4B9800E1BCA9 /* SmartZipUITests.xctest */ = {isa = PBXFileReference; explicitFileType = wrapper.cfbundle; includeInIndex = 0; path = SmartZipUITests.xctest; sourceTree = BUILT_PRODUCTS_DIR; };
		D4284CC71D1E4B9800E1BCA9 /* SmartZipUITests.swift */ = {isa = PBXFileReference; lastKnownFileType = sourcecode.swift; path = SmartZipUITests.swift; sourceTree = "<group>"; };
		D4284CC91D1E4B9800E1BCA9 /* Info.plist */ = {isa = PBXFileReference; lastKnownFileType = text.plist.xml; path = Info.plist; sourceTree = "<group>"; };
/* End PBXFileReference section */

/* Begin PBXFrameworksBuildPhase section */
		D4284CA11D1E4B9800E1BCA9 /* Frameworks */ = {
			isa = PBXFrameworksBuildPhase;
			buildActionMask = 2147483647;
			files = (
			);
			runOnlyForDeploymentPostprocessing = 0;
		};
		D4284CB51D1E4B9800E1BCA9 /* Frameworks */ = {
			isa = PBXFrameworksBuildPhase;
			buildActionMask = 2147483647;
			files = (
			);
			runOnlyForDeploymentPostprocessing = 0;
		};
		D4284CC01D1E4B9800E1BCA9 /* Frameworks */ = {
			isa = PBXFrameworksBuildPhase;
			buildActionMask = 2147483647;
			files = (
			);
			runOnlyForDeploymentPostprocessing = 0;
		};
/* End PBXFrameworksBuildPhase section */

/* Begin PBXGroup section */
		D4284C9B1D1E4B9800E1BCA9 = {
			isa = PBXGroup;
			children = (
				D4284CA61D1E4B9800E1BCA9 /* SmartZip */,
				D4284CBB1D1E4B9800E1BCA9 /* SmartZipTests */,
				D4284CC61D1E4B9800E1BCA9 /* SmartZipUITests */,
				D4284CA51D1E4B9800E1BCA9 /* Products */,
			);
			sourceTree = "<group>";
		};
		D4284CA51D1E4B9800E1BCA9 /* Products */ = {
			isa = PBXGroup;
			children = (
				D4284CA41D1E4B9800E1BCA9 /* SmartZip.app */,
				D4284CB81D1E4B9800E1BCA9 /* SmartZipTests.xctest */,
				D4284CC31D1E4B9800E1BCA9 /* SmartZipUITests.xctest */,
			);
			name = Products;
			sourceTree = "<group>";
		};
		D4284CA61D1E4B9800E1BCA9 /* SmartZip */ = {
			isa = PBXGroup;
			children = (
				D4284CA71D1E4B9800E1BCA9 /* AppDelegate.swift */,
				D4284CA91D1E4B9800E1BCA9 /* ViewController.swift */,
				D4284CAB1D1E4B9800E1BCA9 /* Main.storyboard */,
				D4284CAE1D1E4B9800E1BCA9 /* Assets.xcassets */,
				D4284CB01D1E4B9800E1BCA9 /* LaunchScreen.storyboard */,
				D4284CB31D1E4B9800E1BCA9 /* Info.plist */,
			);
			path = SmartZip;
			sourceTree = "<group>";
		};
		D4284CBB1D1E4B9800E1BCA9 /* SmartZipTests */ = {
			isa = PBXGroup;
			children = (
				D4284CBC1D1E4B9800E1BCA9 /* SmartZipTests.swift */,
				D4284CBE1D1E4B9800E1BCA9 /* Info.plist */,
			);
			path = SmartZipTests;
			sourceTree = "<group>";
		};
		D4284CC61D1E4B9800E1BCA9 /* SmartZipUITests */ = {
			isa = PBXGroup;
			children = (
				D4284CC71D1E4B9800E1BCA9 /* SmartZipUITests.swift */,
				D4284CC91D1E4B9800E1BCA9 /* Info.plist */,
			);
			path = SmartZipUITests;
			sourceTree = "<group>";
		};
/* End PBXGroup section */

/* Begin PBXNativeTarget section */
		D4284CA31D1E4B9800E1BCA9 /* SmartZip */ = {
			isa = PBXNativeTarget;
			buildConfigurationList = D4284CCC1D1E4B9800E1BCA9 /* Build configuration list for PBXNativeTarget "SmartZip" */;
			buildPhases = (
				D4284CA01D1E4B9800E1BCA9 /* Sources */,
				D4284CA11D1E4B9800E1BCA9 /* Frameworks */,
				D4284CA21D1E4B9800E1BCA9 /* Resources */,
			);
			buildRules = (
			);
			dependencies = (
			);
			name = SmartZip;
			productName = SmartZip;
			productReference = D4284CA41D1E4B9800E1BCA9 /* SmartZip.app */;
			productType = "com.apple.product-type.application";
		};
		D4284CB71D1E4B9800E1BCA9 /* SmartZipTests */ = {
			isa = PBXNativeTarget;
			buildConfigurationList = D4284CCF1D1E4B9800E1BCA9 /* Build configuration list for PBXNativeTarget "SmartZipTests" */;
			buildPhases = (
				D4284CB41D1E4B9800E1BCA9 /* Sources */,
				D4284CB51D1E4B9800E1BCA9 /* Frameworks */,
				D4284CB61D1E4B9800E1BCA9 /* Resources */,
			);
			buildRules = (
			);
			dependencies = (
				D4284CBA1D1E4B9800E1BCA9 /* PBXTargetDependency */,
			);
			name = SmartZipTests;
			productName = SmartZipTests;
			productReference = D4284CB81D1E4B9800E1BCA9 /* SmartZipTests.xctest */;
			productType = "com.apple.product-type.bundle.unit-test";
		};
		D4284CC21D1E4B9800E1BCA9 /* SmartZipUITests */ = {
			isa = PBXNativeTarget;
			buildConfigurationList = D4284CD21D1E4B9800E1BCA9 /* Build configuration list for PBXNativeTarget "SmartZipUITests" */;
			buildPhases = (
				D4284CBF1D1E4B9800E1BCA9 /* Sources */,
				D4284CC01D1E4B9800E1BCA9 /* Frameworks */,
				D4284CC11D1E4B9800E1BCA9 /* Resources */,
			);
			buildRules = (
			);
			dependencies = (
				D4284CC51D1E4B9800E1BCA9 /* PBXTargetDependency */,
			);
			name = SmartZipUITests;
			productName = SmartZipUITests;
			productReference = D4284CC31D1E4B9800E1BCA9 /* SmartZipUITests.xctest */;
			productType = "com.apple.product-type.bundle.ui-testing";
		};
/* End PBXNativeTarget section */

/* Begin PBXProject section */
		D4284C9C1D1E4B9800E1BCA9 /* Project object */ = {
			isa = PBXProject;
			attributes = {
				LastSwiftUpdateCheck = 0730;
				LastUpgradeCheck = 0730;
				ORGANIZATIONNAME = "Pawan Kumar";
				TargetAttributes = {
					D4284CA31D1E4B9800E1BCA9 = {
						CreatedOnToolsVersion = 7.3;
					};
					D4284CB71D1E4B9800E1BCA9 = {
						CreatedOnToolsVersion = 7.3;
						TestTargetID = D4284CA31D1E4B9800E1BCA9;
					};
					D4284CC21D1E4B9800E1BCA9 = {
						CreatedOnToolsVersion = 7.3;
						TestTargetID = D4284CA31D1E4B9800E1BCA9;
					};
				};
			};
			buildConfigurationList = D4284C9F1D1E4B9800E1BCA9 /* Build configuration list for PBXProject "SmartZip" */;
			compatibilityVersion = "Xcode 3.2";
			developmentRegion = English;
			hasScannedForEncodings = 0;
			knownRegions = (
				en,
				Base,
			);
			mainGroup = D4284C9B1D1E4B9800E1BCA9;
			productRefGroup = D4284CA51D1E4B9800E1BCA9 /* Products */;
			projectDirPath = "";
			projectRoot = "";
			targets = (
				D4284CA31D1E4B9800E1BCA9 /* SmartZip */,
				D4284CB71D1E4B9800E1BCA9 /* SmartZipTests */,
				D4284CC21D1E4B9800E1BCA9 /* SmartZipUITests */,
			);
		};
/* End PBXProject section */

/* Begin PBXResourcesBuildPhase section */
		D4284CA21D1E4B9800E1BCA9 /* Resources */ = {
			isa = PBXResourcesBuildPhase;
			buildActionMask = 2147483647;
			files = (
				D4284CB21D1E4B9800E1BCA9 /* LaunchScreen.storyboard in Resources */,
				D4284CAF1D1E4B9800E1BCA9 /* Assets.xcassets in Resources */,
				D4284CAD1D1E4B9800E1BCA9 /* Main.storyboard in Resources */,
			);
			runOnlyForDeploymentPostprocessing = 0;
		};
		D4284CB61D1E4B9800E1BCA9 /* Resources */ = {
			isa = PBXResourcesBuildPhase;
			buildActionMask = 2147483647;
			files = (
			);
			runOnlyForDeploymentPostprocessing = 0;
		};
		D4284CC11D1E4B9800E1BCA9 /* Resources */ = {
			isa = PBXResourcesBuildPhase;
			buildActionMask = 2147483647;
			files = (
			);
			runOnlyForDeploymentPostprocessing = 0;
		};
/* End PBXResourcesBuildPhase section */

/* Begin PBXSourcesBuildPhase section */
		D4284CA01D1E4B9800E1BCA9 /* Sources */ = {
			isa = PBXSourcesBuildPhase;
			buildActionMask = 2147483647;
			files = (
				D4284CAA1D1E4B9800E1BCA9 /* ViewController.swift in Sources */,
				D4284CA81D1E4B9800E1BCA9 /* AppDelegate.swift in Sources */,
			);
			runOnlyForDeploymentPostprocessing = 0;
		};
		D4284CB41D1E4B9800E1BCA9 /* Sources */ = {
			isa = PBXSourcesBuildPhase;
			buildActionMask = 2147483647;
			files = (
				D4284CBD1D1E4B9800E1BCA9 /* SmartZipTests.swift in Sources */,
			);
			runOnlyForDeploymentPostprocessing = 0;
		};
		D4284CBF1D1E4B9800E1BCA9 /* Sources */ = {
			isa = PBXSourcesBuildPhase;
			buildActionMask = 2147483647;
			files = (
				D4284CC81D1E4B9800E1BCA9 /* SmartZipUITests.swift in Sources */,
			);
			runOnlyForDeploymentPostprocessing = 0;
		};
/* End PBXSourcesBuildPhase section */

/* Begin PBXTargetDependency section */
		D4284CBA1D1E4B9800E1BCA9 /* PBXTargetDependency */ = {
			isa = PBXTargetDependency;
			target = D4284CA31D1E4B9800E1BCA9 /* SmartZip */;
			targetProxy = D4284CB91D1E4B9800E1BCA9 /* PBXContainerItemProxy */;
		};
		D4284CC51D1E4B9800E1BCA9 /* PBXTargetDependency */ = {
			isa = PBXTargetDependency;
			target = D4284CA31D1E4B9800E1BCA9 /* SmartZip */;
			targetProxy = D4284CC41D1E4B9800E1BCA9 /* PBXContainerItemProxy */;
		};
/* End PBXTargetDependency section */

/* Begin PBXVariantGroup section */
		D4284CAB1D1E4B9800E1BCA9 /* Main.storyboard */ = {
			isa = PBXVariantGroup;
			children = (
				D4284CAC1D1E4B9800E1BCA9 /* Base */,
			);
			name = Main.storyboard;
			sourceTree = "<group>";
		};
		D4284CB01D1E4B9800E1BCA9 /* LaunchScreen.storyboard */ = {
			isa = PBXVariantGroup;
			children = (
				D4284CB11D1E4B9800E1BCA9 /* Base */,
			);
			name = LaunchScreen.storyboard;
			sourceTree = "<group>";
		};
/* End PBXVariantGroup section */

/* Begin XCBuildConfiguration section */
		D4284CCA1D1E4B9800E1BCA9 /* Debug */ = {
			isa = XCBuildConfiguration;
			buildSettings = {
				ALWAYS_SEARCH_USER_PATHS = NO;
				CLANG_ANALYZER_NONNULL = YES;
				CLANG_CXX_LANGUAGE_STANDARD = "gnu++0x";
				CLANG_CXX_LIBRARY = "libc++";
				CLANG_ENABLE_MODULES = YES;
				CLANG_ENABLE_OBJC_ARC = YES;
				CLANG_WARN_BOOL_CONVERSION = YES;
				CLANG_WARN_CONSTANT_CONVERSION = YES;
				CLANG_WARN_DIRECT_OBJC_ISA_USAGE = YES_ERROR;
				CLANG_WARN_EMPTY_BODY = YES;
				CLANG_WARN_ENUM_CONVERSION = YES;
				CLANG_WARN_INT_CONVERSION = YES;
				CLANG_WARN_OBJC_ROOT_CLASS = YES_ERROR;
				CLANG_WARN_UNREACHABLE_CODE = YES;
				CLANG_WARN__DUPLICATE_METHOD_MATCH = YES;
				"CODE_SIGN_IDENTITY[sdk=iphoneos*]" = "iPhone Developer";
				COPY_PHASE_STRIP = NO;
				DEBUG_INFORMATION_FORMAT = dwarf;
				ENABLE_STRICT_OBJC_MSGSEND = YES;
				ENABLE_TESTABILITY = YES;
				GCC_C_LANGUAGE_STANDARD = gnu99;
				GCC_DYNAMIC_NO_PIC = NO;
				GCC_NO_COMMON_BLOCKS = YES;
				GCC_OPTIMIZATION_LEVEL = 0;
				GCC_PREPROCESSOR_DEFINITIONS = (
					"DEBUG=1",
					"$(inherited)",
				);
				GCC_WARN_64_TO_32_BIT_CONVERSION = YES;
				GCC_WARN_ABOUT_RETURN_TYPE = YES_ERROR;
				GCC_WARN_UNDECLARED_SELECTOR = YES;
				GCC_WARN_UNINITIALIZED_AUTOS = YES_AGGRESSIVE;
				GCC_WARN_UNUSED_FUNCTION = YES;
				GCC_WARN_UNUSED_VARIABLE = YES;
				IPHONEOS_DEPLOYMENT_TARGET = 9.3;
				MTL_ENABLE_DEBUG_INFO = YES;
				ONLY_ACTIVE_ARCH = YES;
				SDKROOT = iphoneos;
				SWIFT_OPTIMIZATION_LEVEL = "-Onone";
				TARGETED_DEVICE_FAMILY = "1,2";
			};
			name = Debug;
		};
		D4284CCB1D1E4B9800E1BCA9 /* Release */ = {
			isa = XCBuildConfiguration;
			buildSettings = {
				ALWAYS_SEARCH_USER_PATHS = NO;
				CLANG_ANALYZER_NONNULL = YES;
				CLANG_CXX_LANGUAGE_STANDARD = "gnu++0x";
				CLANG_CXX_LIBRARY = "libc++";
				CLANG_ENABLE_MODULES = YES;
				CLANG_ENABLE_OBJC_ARC = YES;
				CLANG_WARN_BOOL_CONVERSION = YES;
				CLANG_WARN_CONSTANT_CONVERSION = YES;
				CLANG_WARN_DIRECT_OBJC_ISA_USAGE = YES_ERROR;
				CLANG_WARN_EMPTY_BODY = YES;
				CLANG_WARN_ENUM_CONVERSION = YES;
				CLANG_WARN_INT_CONVERSION = YES;
				CLANG_WARN_OBJC_ROOT_CLASS = YES_ERROR;
				CLANG_WARN_UNREACHABLE_CODE = YES;
				CLANG_WARN__DUPLICATE_METHOD_MATCH = YES;
				"CODE_SIGN_IDENTITY[sdk=iphoneos*]" = "iPhone Developer";
				COPY_PHASE_STRIP = NO;
				DEBUG_INFORMATION_FORMAT = "dwarf-with-dsym";
				ENABLE_NS_ASSERTIONS = NO;
				ENABLE_STRICT_OBJC_MSGSEND = YES;
				GCC_C_LANGUAGE_STANDARD = gnu99;
				GCC_NO_COMMON_BLOCKS = YES;
				GCC_WARN_64_TO_32_BIT_CONVERSION = YES;
				GCC_WARN_ABOUT_RETURN_TYPE = YES_ERROR;
				GCC_WARN_UNDECLARED_SELECTOR = YES;
				GCC_WARN_UNINITIALIZED_AUTOS = YES_AGGRESSIVE;
				GCC_WARN_UNUSED_FUNCTION = YES;
				GCC_WARN_UNUSED_VARIABLE = YES;
				IPHONEOS_DEPLOYMENT_TARGET = 9.3;
				MTL_ENABLE_DEBUG_INFO = NO;
				SDKROOT = iphoneos;
				TARGETED_DEVICE_FAMILY = "1,2";
				VALIDATE_PRODUCT = YES;
			};
			name = Release;
		};
		D4284CCD1D1E4B9800E1BCA9 /* Debug */ = {
			isa = XCBuildConfiguration;
			buildSettings = {
				ASSETCATALOG_COMPILER_APPICON_NAME = AppIcon;
				INFOPLIST_FILE = SmartZip/Info.plist;
				LD_RUNPATH_SEARCH_PATHS = "$(inherited) @executable_path/Frameworks";
				PRODUCT_BUNDLE_IDENTIFIER = com.modi.SmartZip;
				PRODUCT_NAME = "$(TARGET_NAME)";
			};
			name = Debug;
		};
		D4284CCE1D1E4B9800E1BCA9 /* Release */ = {
			isa = XCBuildConfiguration;
			buildSettings = {
				ASSETCATALOG_COMPILER_APPICON_NAME = AppIcon;
				INFOPLIST_FILE = SmartZip/Info.plist;
				LD_RUNPATH_SEARCH_PATHS = "$(inherited) @executable_path/Frameworks";
				PRODUCT_BUNDLE_IDENTIFIER = com.modi.SmartZip;
				PRODUCT_NAME = "$(TARGET_NAME)";
			};
			name = Release;
		};
		D4284CD01D1E4B9800E1BCA9 /* Debug */ = {
			isa = XCBuildConfiguration;
			buildSettings = {
				BUNDLE_LOADER = "$(TEST_HOST)";
				INFOPLIST_FILE = SmartZipTests/Info.plist;
				LD_RUNPATH_SEARCH_PATHS = "$(inherited) @executable_path/Frameworks @loader_path/Frameworks";
				PRODUCT_BUNDLE_IDENTIFIER = com.modi.SmartZipTests;
				PRODUCT_NAME = "$(TARGET_NAME)";
				TEST_HOST = "$(BUILT_PRODUCTS_DIR)/SmartZip.app/SmartZip";
			};
			name = Debug;
		};
		D4284CD11D1E4B9800E1BCA9 /* Release */ = {
			isa = XCBuildConfiguration;
			buildSettings = {
				BUNDLE_LOADER = "$(TEST_HOST)";
				INFOPLIST_FILE = SmartZipTests/Info.plist;
				LD_RUNPATH_SEARCH_PATHS = "$(inherited) @executable_path/Frameworks @loader_path/Frameworks";
				PRODUCT_BUNDLE_IDENTIFIER = com.modi.SmartZipTests;
				PRODUCT_NAME = "$(TARGET_NAME)";
				TEST_HOST = "$(BUILT_PRODUCTS_DIR)/SmartZip.app/SmartZip";
			};
			name = Release;
		};
		D4284CD31D1E4B9800E1BCA9 /* Debug */ = {
			isa = XCBuildConfiguration;
			buildSettings = {
				INFOPLIST_FILE = SmartZipUITests/Info.plist;
				LD_RUNPATH_SEARCH_PATHS = "$(inherited) @executable_path/Frameworks @loader_path/Frameworks";
				PRODUCT_BUNDLE_IDENTIFIER = com.modi.SmartZipUITests;
				PRODUCT_NAME = "$(TARGET_NAME)";
				TEST_TARGET_NAME = SmartZip;
			};
			name = Debug;
		};
		D4284CD41D1E4B9800E1BCA9 /* Release */ = {
			isa = XCBuildConfiguration;
			buildSettings = {
				INFOPLIST_FILE = SmartZipUITests/Info.plist;
				LD_RUNPATH_SEARCH_PATHS = "$(inherited) @executable_path/Frameworks @loader_path/Frameworks";
				PRODUCT_BUNDLE_IDENTIFIER = com.modi.SmartZipUITests;
				PRODUCT_NAME = "$(TARGET_NAME)";
				TEST_TARGET_NAME = SmartZip;
			};
			name = Release;
		};
/* End XCBuildConfiguration section */

/* Begin XCConfigurationList section */
		D4284C9F1D1E4B9800E1BCA9 /* Build configuration list for PBXProject "SmartZip" */ = {
			isa = XCConfigurationList;
			buildConfigurations = (
				D4284CCA1D1E4B9800E1BCA9 /* Debug */,
				D4284CCB1D1E4B9800E1BCA9 /* Release */,
			);
			defaultConfigurationIsVisible = 0;
			defaultConfigurationName = Release;
		};
		D4284CCC1D1E4B9800E1BCA9 /* Build configuration list for PBXNativeTarget "SmartZip" */ = {
			isa = XCConfigurationList;
			buildConfigurations = (
				D4284CCD1D1E4B9800E1BCA9 /* Debug */,
				D4284CCE1D1E4B9800E1BCA9 /* Release */,
			);
			defaultConfigurationIsVisible = 0;
		};
		D4284CCF1D1E4B9800E1BCA9 /* Build configuration list for PBXNativeTarget "SmartZipTests" */ = {
			isa = XCConfigurationList;
			buildConfigurations = (
				D4284CD01D1E4B9800E1BCA9 /* Debug */,
				D4284CD11D1E4B9800E1BCA9 /* Release */,
			);
			defaultConfigurationIsVisible = 0;
		};
		D4284CD21D1E4B9800E1BCA9 /* Build configuration list for PBXNativeTarget "SmartZipUITests" */ = {
			isa = XCConfigurationList;
			buildConfigurations = (
				D4284CD31D1E4B9800E1BCA9 /* Debug */,
				D4284CD41D1E4B9800E1BCA9 /* Release */,
			);
			defaultConfigurationIsVisible = 0;
		};
/* End XCConfigurationList section */
	};
	rootObject = D4284C9C1D1E4B9800E1BCA9 /* Project object */;
}
